
Microsoft Visual Studio Solution File, Format Version 12.00
# Visual Studio Version 16
VisualStudioVersion = 16.0.30907.101
MinimumVisualStudioVersion = 10.0.40219.1
Project("{9A19103F-16F7-4668-BE54-9A1E7A4F7556}") = "TaxaJurosService", "TaxaJurosService\TaxaJurosService.csproj", "{B7B6BC53-9EB6-452A-A236-63524F30F7A6}"
EndProject
Project("{E53339B2-1760-4266-BCC7-CA923CBCF16C}") = "docker-compose", "docker-compose.dcproj", "{5F2047C0-A658-4E5B-BC74-620C8F4D8D5C}"
EndProject
Global
	GlobalSection(SolutionConfigurationPlatforms) = preSolution
		Debug|Any CPU = Debug|Any CPU
		Release|Any CPU = Release|Any CPU
	EndGlobalSection
	GlobalSection(ProjectConfigurationPlatforms) = postSolution
		{B7B6BC53-9EB6-452A-A236-63524F30F7A6}.Debug|Any CPU.ActiveCfg = Debug|Any CPU
		{B7B6BC53-9EB6-452A-A236-63524F30F7A6}.Debug|Any CPU.Build.0 = Debug|Any CPU
		{B7B6BC53-9EB6-452A-A236-63524F30F7A6}.Release|Any CPU.ActiveCfg = Release|Any CPU
		{B7B6BC53-9EB6-452A-A236-63524F30F7A6}.Release|Any CPU.Build.0 = Release|Any CPU
		{5F2047C0-A658-4E5B-BC74-620C8F4D8D5C}.Debug|Any CPU.ActiveCfg = Debug|Any CPU
		{5F2047C0-A658-4E5B-BC74-620C8F4D8D5C}.Debug|Any CPU.Build.0 = Debug|Any CPU
		{5F2047C0-A658-4E5B-BC74-620C8F4D8D5C}.Release|Any CPU.ActiveCfg = Release|Any CPU
		{5F2047C0-A658-4E5B-BC74-620C8F4D8D5C}.Release|Any CPU.Build.0 = Release|Any CPU
	EndGlobalSection
	GlobalSection(SolutionProperties) = preSolution
		HideSolutionNode = FALSE
	EndGlobalSection
	GlobalSection(ExtensibilityGlobals) = postSolution
		SolutionGuid = {F59D3374-F430-4F9C-B30B-BDC0894598FF}
	EndGlobalSection
EndGlobal
